// !$*UTF8*$!
{
	archiveVersion = 1;
	classes = {
	};
	objectVersion = 54;
	objects = {

/* Begin PBXBuildFile section */
		1000000129B1234100000001 /* main.m in Sources */ = {isa = PBXBuildFile; fileRef = 1000000129B1234200000001 /* main.m */; };
		1000000229B1234100000001 /* AppDelegate.m in Sources */ = {isa = PBXBuildFile; fileRef = 1000000229B1234200000001 /* AppDelegate.m */; };
		1000000329B1234100000001 /* ViewController.m in Sources */ = {isa = PBXBuildFile; fileRef = 1000000329B1234200000001 /* ViewController.m */; };
		1000000729B1234100000001 /* UIKit.framework in Frameworks */ = {isa = PBXBuildFile; fileRef = 1000000729B1234200000001 /* UIKit.framework */; };
		1000000829B1234100000001 /* Foundation.framework in Frameworks */ = {isa = PBXBuildFile; fileRef = 1000000829B1234200000001 /* Foundation.framework */; };
		100000E029B1234100000001 /* index.html in Resources */ = {isa = PBXBuildFile; fileRef = 100000E029B1234200000001 /* index.html */; };
		100000E129B1234100000001 /* style.css in Resources */ = {isa = PBXBuildFile; fileRef = 100000E129B1234200000001 /* style.css */; };
		100000E229B1234100000001 /* app.js in Resources */ = {isa = PBXBuildFile; fileRef = 100000E229B1234200000001 /* app.js */; };
/* End PBXBuildFile section */

/* Begin PBXFileReference section */
		1000001029B1234100000001 /* iPodClassiciOS6.app */ = {isa = PBXFileReference; explicitFileType = wrapper.application; includeInIndex = 0; path = iPodClassiciOS6.app; sourceTree = BUILT_PRODUCTS_DIR; };
		1000000129B1234200000001 /* main.m */ = {isa = PBXFileReference; lastKnownFileType = sourcecode.c.objc; path = main.m; sourceTree = "<group>"; };
		1000000229B1234200000001 /* AppDelegate.m */ = {isa = PBXFileReference; lastKnownFileType = sourcecode.c.objc; path = AppDelegate.m; sourceTree = "<group>"; };
		1000000229B1234300000001 /* AppDelegate.h */ = {isa = PBXFileReference; lastKnownFileType = sourcecode.c.h; path = AppDelegate.h; sourceTree = "<group>"; };
		1000000329B1234200000001 /* ViewController.m */ = {isa = PBXFileReference; lastKnownFileType = sourcecode.c.objc; path = ViewController.m; sourceTree = "<group>"; };
		1000000329B1234300000001 /* ViewController.h */ = {isa = PBXFileReference; lastKnownFileType = sourcecode.c.h; path = ViewController.h; sourceTree = "<group>"; };
		1000000F29B1234200000001 /* Info.plist */ = {isa = PBXFileReference; lastKnownFileType = text.plist.xml; path = Info.plist; sourceTree = "<group>"; };
		100000E029B1234200000001 /* index.html */ = {isa = PBXFileReference; lastKnownFileType = text.html; name = index.html; path = ../web_version/index.html; sourceTree = "<group>"; };
		100000E129B1234200000001 /* style.css */ = {isa = PBXFileReference; lastKnownFileType = text.css; name = style.css; path = ../web_version/style.css; sourceTree = "<group>"; };
		100000E229B1234200000001 /* app.js */ = {isa = PBXFileReference; lastKnownFileType = sourcecode.javascript; name = app.js; path = ../web_version/app.js; sourceTree = "<group>"; };
		1000000729B1234200000001 /* UIKit.framework */ = {isa = PBXFileReference; lastKnownFileType = wrapper.framework; name = UIKit.framework; path = System/Library/Frameworks/UIKit.framework; sourceTree = SDKROOT; };
		1000000829B1234200000001 /* Foundation.framework */ = {isa = PBXFileReference; lastKnownFileType = wrapper.framework; name = Foundation.framework; path = System/Library/Frameworks/Foundation.framework; sourceTree = SDKROOT; };
/* End PBXFileReference section */

/* Begin PBXFrameworksBuildPhase section */
		1000002029B1234100000001 /* Frameworks */ = {
			isa = PBXFrameworksBuildPhase;
			buildActionMask = 2147483647;
			files = (
				1000000729B1234100000001 /* UIKit.framework in Frameworks */,
				1000000829B1234100000001 /* Foundation.framework in Frameworks */,
			);
			runOnlyForDeploymentPostprocessing = 0;
		};
/* End PBXFrameworksBuildPhase section */

/* Begin PBXResourcesBuildPhase section */
		100000D029B1234100000001 /* Resources */ = {
			isa = PBXResourcesBuildPhase;
			buildActionMask = 2147483647;
			files = (
				100000E029B1234100000001 /* index.html in Resources */,
				100000E129B1234100000001 /* style.css in Resources */,
				100000E229B1234100000001 /* app.js in Resources */,
			);
			runOnlyForDeploymentPostprocessing = 0;
		};
/* End PBXResourcesBuildPhase section */

/* Begin PBXGroup section */
		1000003029B1234100000001 = {
			isa = PBXGroup;
			children = (
				1000003129B1234100000001 /* iPodClassiciOS6 */,
				1000003229B1234100000001 /* Frameworks */,
				1000003329B1234100000001 /* Products */,
			);
			sourceTree = "<group>";
		};
		1000003129B1234100000001 /* iPodClassiciOS6 */ = {
			isa = PBXGroup;
			children = (
				1000000129B1234200000001 /* main.m */,
				1000000229B1234300000001 /* AppDelegate.h */,
				1000000229B1234200000001 /* AppDelegate.m */,
				1000000329B1234300000001 /* ViewController.h */,
				1000000329B1234200000001 /* ViewController.m */,
				1000000F29B1234200000001 /* Info.plist */,
				100000E029B1234200000001 /* index.html */,
				100000E129B1234200000001 /* style.css */,
				100000E229B1234200000001 /* app.js */,
			);
			path = iPodClassiciOS6;
			sourceTree = "<group>";
		};
		1000003229B1234100000001 /* Frameworks */ = {
			isa = PBXGroup;
			children = (
				1000000729B1234200000001 /* UIKit.framework */,
				1000000829B1234200000001 /* Foundation.framework */,
			);
			name = Frameworks;
			sourceTree = "<group>";
		};
		1000003329B1234100000001 /* Products */ = {
			isa = PBXGroup;
			children = (
				1000001029B1234100000001 /* iPodClassiciOS6.app */,
			);
			name = Products;
			sourceTree = "<group>";
		};
/* End PBXGroup section */

/* Begin PBXNativeTarget section */
		1000004029B1234100000001 /* iPodClassiciOS6 */ = {
			isa = PBXNativeTarget;
			buildConfigurationList = 1000005029B1234100000001 /* Build configuration list for PBXNativeTarget "iPodClassiciOS6" */;
			buildPhases = (
				1000006029B1234100000001 /* Sources */,
				1000002029B1234100000001 /* Frameworks */,
				100000D029B1234100000001 /* Resources */,
			);
			buildRules = (
			);
			dependencies = (
			);
			name = iPodClassiciOS6;
			productName = iPodClassiciOS6;
			productReference = 1000001029B1234100000001 /* iPodClassiciOS6.app */;
			productType = "com.apple.product-type.application";
		};
/* End PBXNativeTarget section */

/* Begin PBXProject section */
		1000000029B1234100000001 /* Project object */ = {
			isa = PBXProject;
			attributes = {
				LastUpgradeCheck = 1420;
				TargetAttributes = {
					1000004029B1234100000001 = {
						CreatedOnToolsVersion = 14.2;
					};
				};
			};
			buildConfigurationList = 1000005129B1234100000001 /* Build configuration list for PBXProject "iPodClassiciOS6" */;
			compatibilityVersion = "Xcode 14.0";
			developmentRegion = en;
			hasScannedForEncodings = 0;
			knownRegions = (
				en,
				Base,
			);
			mainGroup = 1000003029B1234100000001;
			productRefGroup = 1000003329B1234100000001;
			projectDirPath = "";
			projectRoot = "";
			targets = (
				1000004029B1234100000001 /* iPodClassiciOS6 */,
			);
		};
/* End PBXProject section */

/* Begin PBXSourcesBuildPhase section */
		1000006029B1234100000001 /* Sources */ = {
			isa = PBXSourcesBuildPhase;
			buildActionMask = 2147483647;
			files = (
				1000000129B1234100000001 /* main.m in Sources */,
				1000000229B1234100000001 /* AppDelegate.m in Sources */,
				1000000329B1234100000001 /* ViewController.m in Sources */,
			);
			runOnlyForDeploymentPostprocessing = 0;
		};
/* End PBXSourcesBuildPhase section */

/* Begin XCBuildConfiguration section */
		1000007029B1234100000001 /* Debug */ = {
			isa = XCBuildConfiguration;
			buildSettings = {
				ALWAYS_SEARCH_USER_PATHS = NO;
				CLANG_ENABLE_MODULES = YES;
				CODE_SIGNING_ALLOWED = YES;
				CODE_SIGNING_REQUIRED = YES;
				CODE_SIGN_IDENTITY = "-";
				CODE_SIGN_STYLE = Manual;
				DEVELOPMENT_TEAM = "";
				GCC_OPTIMIZATION_LEVEL = 0;
				INFOPLIST_FILE = iPodClassiciOS6/Info.plist;
				PRODUCT_BUNDLE_IDENTIFIER = com.retro.ipodclassicios6;
				PRODUCT_NAME = "$(TARGET_NAME)";
				SDKROOT = iphoneos;
				TARGETED_DEVICE_FAMILY = "1";
			};
			name = Debug;
		};
		1000007129B1234100000001 /* Release */ = {
			isa = XCBuildConfiguration;
			buildSettings = {
				ALWAYS_SEARCH_USER_PATHS = NO;
				CLANG_ENABLE_MODULES = YES;
				CODE_SIGNING_ALLOWED = YES;
				CODE_SIGNING_REQUIRED = YES;
				CODE_SIGN_IDENTITY = "-";
				CODE_SIGN_STYLE = Manual;
				DEVELOPMENT_TEAM = "";
				INFOPLIST_FILE = iPodClassiciOS6/Info.plist;
				PRODUCT_BUNDLE_IDENTIFIER = com.retro.ipodclassicios6;
				PRODUCT_NAME = "$(TARGET_NAME)";
				SDKROOT = iphoneos;
				TARGETED_DEVICE_FAMILY = "1";
			};
			name = Release;
		};
		1000007229B1234100000001 /* Debug */ = {
			isa = XCBuildConfiguration;
			buildSettings = {
				CLANG_WARN_BLOCK_CAPTURE_AUTORELEASING = YES;
				CLANG_WARN_BOOL_CONVERSION = YES;
				CLANG_WARN_COMPOUND_ASSIGN_CONVERSION = YES;
				CLANG_WARN_EMPTY_BODY = YES;
				CLANG_WARN_ENUM_CONVERSION = YES;
				CLANG_WARN_INFINITE_RECURSION = YES;
				CLANG_WARN_INT_CONVERSION = YES;
				CLANG_WARN_NON_LITERAL_NULL_CONVERSION = YES;
				CLANG_WARN_OBJC_LITERAL_CONVERSION = YES;
				CLANG_WARN_OBJC_ROOT_CLASS = YES_ERROR;
				CLANG_WARN_RANGE_LOOP_ANALYSIS = YES;
				CLANG_WARN_STRICT_PROTOTYPES = YES;
				CLANG_WARN_UNGUARDED_AVAILABILITY = YES_AGGRESSIVE;
				CLANG_WARN_UNREACHABLE_CODE = YES;
				CLANG_WARN__DUPLICATE_METHOD_MATCH = YES;
				GCC_C_LANGUAGE_STANDARD = gnu11;
				GCC_NO_COMMON_BLOCKS = YES;
				GCC_WARN_64_TO_32_BIT_CONVERSION = YES;
				GCC_WARN_ABOUT_RETURN_TYPE = YES_ERROR;
				GCC_WARN_UNDECLARED_SELECTOR = YES;
				GCC_WARN_UNINITIALIZED_AUTOS = YES_AGGRESSIVE;
				GCC_WARN_UNUSED_FUNCTION = YES;
				GCC_WARN_UNUSED_VARIABLE = YES;
			};
			name = Debug;
		};
		1000007329B1234100000001 /* Release */ = {
			isa = XCBuildConfiguration;
			buildSettings = {
				CLANG_WARN_BLOCK_CAPTURE_AUTORELEASING = YES;
				CLANG_WARN_BOOL_CONVERSION = YES;
				CLANG_WARN_COMPOUND_ASSIGN_CONVERSION = YES;
				CLANG_WARN_EMPTY_BODY = YES;
				CLANG_WARN_ENUM_CONVERSION = YES;
				CLANG_WARN_INFINITE_RECURSION = YES;
				CLANG_WARN_INT_CONVERSION = YES;
				CLANG_WARN_NON_LITERAL_NULL_CONVERSION = YES;
				CLANG_WARN_OBJC_LITERAL_CONVERSION = YES;
				CLANG_WARN_OBJC_ROOT_CLASS = YES_ERROR;
				CLANG_WARN_RANGE_LOOP_ANALYSIS = YES;
				CLANG_WARN_STRICT_PROTOTYPES = YES;
				CLANG_WARN_UNGUARDED_AVAILABILITY = YES_AGGRESSIVE;
				CLANG_WARN_UNREACHABLE_CODE = YES;
				CLANG_WARN__DUPLICATE_METHOD_MATCH = YES;
				COPY_PHASE_STRIP = NO;
				ENABLE_NS_ASSERTIONS = NO;
				GCC_C_LANGUAGE_STANDARD = gnu11;
				GCC_NO_COMMON_BLOCKS = YES;
				GCC_WARN_64_TO_32_BIT_CONVERSION = YES;
				GCC_WARN_ABOUT_RETURN_TYPE = YES_ERROR;
				GCC_WARN_UNDECLARED_SELECTOR = YES;
				GCC_WARN_UNINITIALIZED_AUTOS = YES_AGGRESSIVE;
				GCC_WARN_UNUSED_FUNCTION = YES;
				GCC_WARN_UNUSED_VARIABLE = YES;
			};
			name = Release;
		};
/* End XCBuildConfiguration section */

/* Begin XCConfigurationList section */
		1000005029B1234100000001 /* Build configuration list for PBXNativeTarget "iPodClassiciOS6" */ = {
			isa = XCConfigurationList;
			buildConfigurations = (
				1000007029B1234100000001 /* Debug */,
				1000007129B1234100000001 /* Release */,
			);
			defaultConfigurationIsVisible = 0;
			defaultConfigurationName = Release;
		};
		1000005129B1234100000001 /* Build configuration list for PBXProject "iPodClassiciOS6" */ = {
			isa = XCConfigurationList;
			buildConfigurations = (
				1000007229B1234100000001 /* Debug */,
				1000007329B1234100000001 /* Release */,
			);
			defaultConfigurationIsVisible = 0;
			defaultConfigurationName = Release;
		};
/* End XCConfigurationList section */
	};
	rootObject = 1000000029B1234100000001 /* Project object */;
}
